
Microsoft Visual Studio Solution File, Format Version 12.00
# Visual Studio Version 17
VisualStudioVersion = 17.0.31903.59
MinimumVisualStudioVersion = 10.0.40219.1
Project("{FAE04EC0-301F-11D3-BF4B-00C04F79EFBC}") = "BlogApi.Domain", "BlogApi.Domain\BlogApi.Domain.csproj", "{009A545B-D176-49F5-8624-B3ADB0690493}"
EndProject
Project("{FAE04EC0-301F-11D3-BF4B-00C04F79EFBC}") = "BlogApi.Application", "BlogApi.Application\BlogApi.Application.csproj", "{A7CF34AE-534A-4BCC-B400-20BF90A0117A}"
EndProject
Project("{FAE04EC0-301F-11D3-BF4B-00C04F79EFBC}") = "BlogApi.Infrastructure", "BlogApi.Infrastructure\BlogApi.Infrastructure.csproj", "{C59CF77D-CA53-40FF-86E2-EE5CB67842A8}"
EndProject
Project("{FAE04EC0-301F-11D3-BF4B-00C04F79EFBC}") = "BlogApi.API", "BlogApi.API\BlogApi.API.csproj", "{CE59BB78-006C-4650-BD35-8355F7F65F5A}"
EndProject
Global
	GlobalSection(SolutionConfigurationPlatforms) = preSolution
		Debug|Any CPU = Debug|Any CPU
		Debug|x64 = Debug|x64
		Debug|x86 = Debug|x86
		Release|Any CPU = Release|Any CPU
		Release|x64 = Release|x64
		Release|x86 = Release|x86
	EndGlobalSection
	GlobalSection(ProjectConfigurationPlatforms) = postSolution
		{009A545B-D176-49F5-8624-B3ADB0690493}.Debug|Any CPU.ActiveCfg = Debug|Any CPU
		{009A545B-D176-49F5-8624-B3ADB0690493}.Debug|Any CPU.Build.0 = Debug|Any CPU
		{009A545B-D176-49F5-8624-B3ADB0690493}.Debug|x64.ActiveCfg = Debug|Any CPU
		{009A545B-D176-49F5-8624-B3ADB0690493}.Debug|x64.Build.0 = Debug|Any CPU
		{009A545B-D176-49F5-8624-B3ADB0690493}.Debug|x86.ActiveCfg = Debug|Any CPU
		{009A545B-D176-49F5-8624-B3ADB0690493}.Debug|x86.Build.0 = Debug|Any CPU
		{009A545B-D176-49F5-8624-B3ADB0690493}.Release|Any CPU.ActiveCfg = Release|Any CPU
		{009A545B-D176-49F5-8624-B3ADB0690493}.Release|Any CPU.Build.0 = Release|Any CPU
		{009A545B-D176-49F5-8624-B3ADB0690493}.Release|x64.ActiveCfg = Release|Any CPU
		{009A545B-D176-49F5-8624-B3ADB0690493}.Release|x64.Build.0 = Release|Any CPU
		{009A545B-D176-49F5-8624-B3ADB0690493}.Release|x86.ActiveCfg = Release|Any CPU
		{009A545B-D176-49F5-8624-B3ADB0690493}.Release|x86.Build.0 = Release|Any CPU
		{A7CF34AE-534A-4BCC-B400-20BF90A0117A}.Debug|Any CPU.ActiveCfg = Debug|Any CPU
		{A7CF34AE-534A-4BCC-B400-20BF90A0117A}.Debug|Any CPU.Build.0 = Debug|Any CPU
		{A7CF34AE-534A-4BCC-B400-20BF90A0117A}.Debug|x64.ActiveCfg = Debug|Any CPU
		{A7CF34AE-534A-4BCC-B400-20BF90A0117A}.Debug|x64.Build.0 = Debug|Any CPU
		{A7CF34AE-534A-4BCC-B400-20BF90A0117A}.Debug|x86.ActiveCfg = Debug|Any CPU
		{A7CF34AE-534A-4BCC-B400-20BF90A0117A}.Debug|x86.Build.0 = Debug|Any CPU
		{A7CF34AE-534A-4BCC-B400-20BF90A0117A}.Release|Any CPU.ActiveCfg = Release|Any CPU
		{A7CF34AE-534A-4BCC-B400-20BF90A0117A}.Release|Any CPU.Build.0 = Release|Any CPU
		{A7CF34AE-534A-4BCC-B400-20BF90A0117A}.Release|x64.ActiveCfg = Release|Any CPU
		{A7CF34AE-534A-4BCC-B400-20BF90A0117A}.Release|x64.Build.0 = Release|Any CPU
		{A7CF34AE-534A-4BCC-B400-20BF90A0117A}.Release|x86.ActiveCfg = Release|Any CPU
		{A7CF34AE-534A-4BCC-B400-20BF90A0117A}.Release|x86.Build.0 = Release|Any CPU
		{C59CF77D-CA53-40FF-86E2-EE5CB67842A8}.Debug|Any CPU.ActiveCfg = Debug|Any CPU
		{C59CF77D-CA53-40FF-86E2-EE5CB67842A8}.Debug|Any CPU.Build.0 = Debug|Any CPU
		{C59CF77D-CA53-40FF-86E2-EE5CB67842A8}.Debug|x64.ActiveCfg = Debug|Any CPU
		{C59CF77D-CA53-40FF-86E2-EE5CB67842A8}.Debug|x64.Build.0 = Debug|Any CPU
		{C59CF77D-CA53-40FF-86E2-EE5CB67842A8}.Debug|x86.ActiveCfg = Debug|Any CPU
		{C59CF77D-CA53-40FF-86E2-EE5CB67842A8}.Debug|x86.Build.0 = Debug|Any CPU
		{C59CF77D-CA53-40FF-86E2-EE5CB67842A8}.Release|Any CPU.ActiveCfg = Release|Any CPU
		{C59CF77D-CA53-40FF-86E2-EE5CB67842A8}.Release|Any CPU.Build.0 = Release|Any CPU
		{C59CF77D-CA53-40FF-86E2-EE5CB67842A8}.Release|x64.ActiveCfg = Release|Any CPU
		{C59CF77D-CA53-40FF-86E2-EE5CB67842A8}.Release|x64.Build.0 = Release|Any CPU
		{C59CF77D-CA53-40FF-86E2-EE5CB67842A8}.Release|x86.ActiveCfg = Release|Any CPU
		{C59CF77D-CA53-40FF-86E2-EE5CB67842A8}.Release|x86.Build.0 = Release|Any CPU
		{CE59BB78-006C-4650-BD35-8355F7F65F5A}.Debug|Any CPU.ActiveCfg = Debug|Any CPU
		{CE59BB78-006C-4650-BD35-8355F7F65F5A}.Debug|Any CPU.Build.0 = Debug|Any CPU
		{CE59BB78-006C-4650-BD35-8355F7F65F5A}.Debug|x64.ActiveCfg = Debug|Any CPU
		{CE59BB78-006C-4650-BD35-8355F7F65F5A}.Debug|x64.Build.0 = Debug|Any CPU
		{CE59BB78-006C-4650-BD35-8355F7F65F5A}.Debug|x86.ActiveCfg = Debug|Any CPU
		{CE59BB78-006C-4650-BD35-8355F7F65F5A}.Debug|x86.Build.0 = Debug|Any CPU
		{CE59BB78-006C-4650-BD35-8355F7F65F5A}.Release|Any CPU.ActiveCfg = Release|Any CPU
		{CE59BB78-006C-4650-BD35-8355F7F65F5A}.Release|Any CPU.Build.0 = Release|Any CPU
		{CE59BB78-006C-4650-BD35-8355F7F65F5A}.Release|x64.ActiveCfg = Release|Any CPU
		{CE59BB78-006C-4650-BD35-8355F7F65F5A}.Release|x64.Build.0 = Release|Any CPU
		{CE59BB78-006C-4650-BD35-8355F7F65F5A}.Release|x86.ActiveCfg = Release|Any CPU
		{CE59BB78-006C-4650-BD35-8355F7F65F5A}.Release|x86.Build.0 = Release|Any CPU
	EndGlobalSection
	GlobalSection(SolutionProperties) = preSolution
		HideSolutionNode = FALSE
	EndGlobalSection
EndGlobal
